
Microsoft Visual Studio Solution File, Format Version 12.00
# Visual Studio Version 17
VisualStudioVersion = 17.0.31903.59
MinimumVisualStudioVersion = 10.0.40219.1
Project("{9A19103F-16F7-4668-BE54-9A1E7A4F7556}") = "HyperGuests", "HyperGuests\HyperGuests.csproj", "{E06DABC5-D8CA-4B64-9463-C1F98D2D89D9}"
EndProject
Project("{FAE04EC0-301F-11D3-BF4B-00C04F79EFBC}") = "HyperGuests_Tests_Unit", "HyperGuests_Tests_Unit\HyperGuests_Tests_Unit.csproj", "{7EFE68A9-4C0E-4E0A-B6F6-76DFF035F94F}"
EndProject
Global
	GlobalSection(SolutionConfigurationPlatforms) = preSolution
		Debug|Any CPU = Debug|Any CPU
		Release|Any CPU = Release|Any CPU
	EndGlobalSection
	GlobalSection(ProjectConfigurationPlatforms) = postSolution
		{E06DABC5-D8CA-4B64-9463-C1F98D2D89D9}.Debug|Any CPU.ActiveCfg = Debug|Any CPU
		{E06DABC5-D8CA-4B64-9463-C1F98D2D89D9}.Debug|Any CPU.Build.0 = Debug|Any CPU
		{E06DABC5-D8CA-4B64-9463-C1F98D2D89D9}.Release|Any CPU.ActiveCfg = Release|Any CPU
		{E06DABC5-D8CA-4B64-9463-C1F98D2D89D9}.Release|Any CPU.Build.0 = Release|Any CPU
		{7EFE68A9-4C0E-4E0A-B6F6-76DFF035F94F}.Debug|Any CPU.ActiveCfg = Debug|Any CPU
		{7EFE68A9-4C0E-4E0A-B6F6-76DFF035F94F}.Debug|Any CPU.Build.0 = Debug|Any CPU
		{7EFE68A9-4C0E-4E0A-B6F6-76DFF035F94F}.Release|Any CPU.ActiveCfg = Release|Any CPU
		{7EFE68A9-4C0E-4E0A-B6F6-76DFF035F94F}.Release|Any CPU.Build.0 = Release|Any CPU
	EndGlobalSection
	GlobalSection(SolutionProperties) = preSolution
		HideSolutionNode = FALSE
	EndGlobalSection
EndGlobal
